
Microsoft Visual Studio Solution File, Format Version 12.00
# Visual Studio Version 16
VisualStudioVersion = 16.0.30002.166
MinimumVisualStudioVersion = 10.0.40219.1
Project("{9A19103F-16F7-4668-BE54-9A1E7A4F7556}") = "MyHealth.Integrations.Api", "src\MyHealth.Integrations.Api\MyHealth.Integrations.Api.csproj", "{4E51F7D6-12BA-49A0-B9C1-B6D6B29826E6}"
EndProject
Project("{2150E333-8FDC-42A3-9474-1A3956D46DE8}") = "src", "src", "{4F4857E8-446B-442A-AFE2-0C0067D03C02}"
EndProject
Project("{2150E333-8FDC-42A3-9474-1A3956D46DE8}") = "extensions", "extensions", "{51BB26EA-BBA7-4367-8CA2-24730F7C414C}"
EndProject
Project("{9A19103F-16F7-4668-BE54-9A1E7A4F7556}") = "MyHealth.Extensions.AspNetCore.Swagger", "..\..\extensions\src\MyHealth.Extensions.AspNetCore.Swagger\MyHealth.Extensions.AspNetCore.Swagger.csproj", "{23C6F32A-5C3B-4CE8-964C-960AF9174A67}"
EndProject
Project("{9A19103F-16F7-4668-BE54-9A1E7A4F7556}") = "MyHealth.Integrations.Core", "src\MyHealth.Integrations.Core\MyHealth.Integrations.Core.csproj", "{E1FC4835-FE69-4327-8044-D0B7F4AED320}"
EndProject
Project("{9A19103F-16F7-4668-BE54-9A1E7A4F7556}") = "MyHealth.Integrations.Models", "src\MyHealth.Integrations.Models\MyHealth.Integrations.Models.csproj", "{32A84570-E0FA-419C-968C-120528DB6AED}"
EndProject
Project("{9A19103F-16F7-4668-BE54-9A1E7A4F7556}") = "MyHealth.Extensions.AspNetCore.Versioning", "..\..\extensions\src\MyHealth.Extensions.AspNetCore.Versioning\MyHealth.Extensions.AspNetCore.Versioning.csproj", "{32BBB983-AE09-4180-BACD-2A744A6DBF0E}"
EndProject
Project("{9A19103F-16F7-4668-BE54-9A1E7A4F7556}") = "MyHealth.Integrations.Utility", "src\MyHealth.Integrations.Utility\MyHealth.Integrations.Utility.csproj", "{3321EA56-4BE4-4BCF-9767-63F4F7E0310F}"
EndProject
Project("{9A19103F-16F7-4668-BE54-9A1E7A4F7556}") = "MyHealth.Extensions.Events", "..\..\extensions\src\MyHealth.Extensions.Events\MyHealth.Extensions.Events.csproj", "{FC8FA5F1-D868-4971-9CB4-E46B33E8218B}"
EndProject
Project("{9A19103F-16F7-4668-BE54-9A1E7A4F7556}") = "MyHealth.Extensions.Events.Azure.EventGrid", "..\..\extensions\src\MyHealth.Extensions.Events.Azure.EventGrid\MyHealth.Extensions.Events.Azure.EventGrid.csproj", "{9BC8AC81-5FC5-4A59-BB09-F4777B7EE872}"
EndProject
Project("{2150E333-8FDC-42A3-9474-1A3956D46DE8}") = "integrations", "integrations", "{513FE50C-563E-41E5-986F-CC5F62BC2BA5}"
EndProject
Project("{9A19103F-16F7-4668-BE54-9A1E7A4F7556}") = "MyHealth.Integrations.Fitbit", "src\integrations\MyHealth.Integrations.Fitbit\MyHealth.Integrations.Fitbit.csproj", "{CB1D4D79-6E5F-4EE1-918E-842C7E7A78FC}"
EndProject
Project("{2150E333-8FDC-42A3-9474-1A3956D46DE8}") = "Solution Items", "Solution Items", "{48C0D6A6-1B2F-4272-9D61-BD2459DAF175}"
	ProjectSection(SolutionItems) = preProject
		README.md = README.md
	EndProjectSection
EndProject
Project("{9A19103F-16F7-4668-BE54-9A1E7A4F7556}") = "MyHealth.Extensions.DependencyInjection", "..\..\extensions\src\MyHealth.Extensions.DependencyInjection\MyHealth.Extensions.DependencyInjection.csproj", "{165216EB-9377-43BC-ACC6-E7B846E4AAC9}"
EndProject
Project("{9A19103F-16F7-4668-BE54-9A1E7A4F7556}") = "MyHealth.Extensions.Events.ApplicationInsights", "..\..\extensions\src\MyHealth.Extensions.Events.ApplicationInsights\MyHealth.Extensions.Events.ApplicationInsights.csproj", "{08423B01-C8D0-4E40-B05D-9921D3F1DD0E}"
EndProject
Project("{9A19103F-16F7-4668-BE54-9A1E7A4F7556}") = "MyHealth.Extensions.Cryptography", "..\..\extensions\src\MyHealth.Extensions.Cryptography\MyHealth.Extensions.Cryptography.csproj", "{EF18AD1D-598C-41AD-90F6-2816B371A968}"
EndProject
Project("{9A19103F-16F7-4668-BE54-9A1E7A4F7556}") = "MyHealth.Integrations.IoMT.EventHub", "src\MyHealth.Integrations.IoMT.EventHub\MyHealth.Integrations.IoMT.EventHub.csproj", "{CD00810F-218A-409D-ADE1-5C4525FC0B0F}"
EndProject
Project("{9A19103F-16F7-4668-BE54-9A1E7A4F7556}") = "MyHealth.Extensions.Logging", "..\..\extensions\src\MyHealth.Extensions.Logging\MyHealth.Extensions.Logging.csproj", "{C9C634AB-BA24-4183-869A-05E8B727E13F}"
EndProject
Project("{2150E333-8FDC-42A3-9474-1A3956D46DE8}") = "tests", "tests", "{4E9A52AF-080F-4FE8-84B1-D91BC4639D99}"
EndProject
Project("{9A19103F-16F7-4668-BE54-9A1E7A4F7556}") = "MyHealth.Integrations.Tests", "tests\MyHealth.Integrations.Tests\MyHealth.Integrations.Tests.csproj", "{375AC660-2CED-4F6F-995A-935DC3E8120C}"
EndProject
Project("{9A19103F-16F7-4668-BE54-9A1E7A4F7556}") = "MyHealth.Extensions.AspNetCore.Context", "..\..\extensions\src\MyHealth.Extensions.AspNetCore.Context\MyHealth.Extensions.AspNetCore.Context.csproj", "{5584FA91-2293-4DF6-B15C-4F51ABBB290C}"
EndProject
Project("{9A19103F-16F7-4668-BE54-9A1E7A4F7556}") = "MyHealth.Integrations.Strava", "src\integrations\MyHealth.Integrations.Strava\MyHealth.Integrations.Strava.csproj", "{4FA11A4E-A520-487A-81A7-8D771F80C2BB}"
EndProject
Project("{9A19103F-16F7-4668-BE54-9A1E7A4F7556}") = "MyHealth.Extensions.Caching.Distributed", "..\..\extensions\src\MyHealth.Extensions.Caching.Distributed\MyHealth.Extensions.Caching.Distributed.csproj", "{EB2D0531-DCC5-4361-AB20-242CA7F0EF29}"
EndProject
Project("{9A19103F-16F7-4668-BE54-9A1E7A4F7556}") = "MyHealth.Integrations.Data.Cosmos", "src\MyHealth.Integrations.Data.Cosmos\MyHealth.Integrations.Data.Cosmos.csproj", "{E7FE20F4-A3F1-4FAE-91CC-91B5ABC45FD8}"
EndProject
Project("{9A19103F-16F7-4668-BE54-9A1E7A4F7556}") = "MyHealth.Extensions.Fhir", "..\..\extensions\src\MyHealth.Extensions.Fhir\MyHealth.Extensions.Fhir.csproj", "{E71A1255-BD87-4818-AD57-08E5801F73E7}"
EndProject
Global
	GlobalSection(SolutionConfigurationPlatforms) = preSolution
		Debug|Any CPU = Debug|Any CPU
		Release|Any CPU = Release|Any CPU
	EndGlobalSection
	GlobalSection(ProjectConfigurationPlatforms) = postSolution
		{4E51F7D6-12BA-49A0-B9C1-B6D6B29826E6}.Debug|Any CPU.ActiveCfg = Debug|Any CPU
		{4E51F7D6-12BA-49A0-B9C1-B6D6B29826E6}.Debug|Any CPU.Build.0 = Debug|Any CPU
		{4E51F7D6-12BA-49A0-B9C1-B6D6B29826E6}.Release|Any CPU.ActiveCfg = Release|Any CPU
		{4E51F7D6-12BA-49A0-B9C1-B6D6B29826E6}.Release|Any CPU.Build.0 = Release|Any CPU
		{23C6F32A-5C3B-4CE8-964C-960AF9174A67}.Debug|Any CPU.ActiveCfg = Debug|Any CPU
		{23C6F32A-5C3B-4CE8-964C-960AF9174A67}.Debug|Any CPU.Build.0 = Debug|Any CPU
		{23C6F32A-5C3B-4CE8-964C-960AF9174A67}.Release|Any CPU.ActiveCfg = Release|Any CPU
		{23C6F32A-5C3B-4CE8-964C-960AF9174A67}.Release|Any CPU.Build.0 = Release|Any CPU
		{E1FC4835-FE69-4327-8044-D0B7F4AED320}.Debug|Any CPU.ActiveCfg = Debug|Any CPU
		{E1FC4835-FE69-4327-8044-D0B7F4AED320}.Debug|Any CPU.Build.0 = Debug|Any CPU
		{E1FC4835-FE69-4327-8044-D0B7F4AED320}.Release|Any CPU.ActiveCfg = Release|Any CPU
		{E1FC4835-FE69-4327-8044-D0B7F4AED320}.Release|Any CPU.Build.0 = Release|Any CPU
		{32A84570-E0FA-419C-968C-120528DB6AED}.Debug|Any CPU.ActiveCfg = Debug|Any CPU
		{32A84570-E0FA-419C-968C-120528DB6AED}.Debug|Any CPU.Build.0 = Debug|Any CPU
		{32A84570-E0FA-419C-968C-120528DB6AED}.Release|Any CPU.ActiveCfg = Release|Any CPU
		{32A84570-E0FA-419C-968C-120528DB6AED}.Release|Any CPU.Build.0 = Release|Any CPU
		{32BBB983-AE09-4180-BACD-2A744A6DBF0E}.Debug|Any CPU.ActiveCfg = Debug|Any CPU
		{32BBB983-AE09-4180-BACD-2A744A6DBF0E}.Debug|Any CPU.Build.0 = Debug|Any CPU
		{32BBB983-AE09-4180-BACD-2A744A6DBF0E}.Release|Any CPU.ActiveCfg = Release|Any CPU
		{32BBB983-AE09-4180-BACD-2A744A6DBF0E}.Release|Any CPU.Build.0 = Release|Any CPU
		{3321EA56-4BE4-4BCF-9767-63F4F7E0310F}.Debug|Any CPU.ActiveCfg = Debug|Any CPU
		{3321EA56-4BE4-4BCF-9767-63F4F7E0310F}.Debug|Any CPU.Build.0 = Debug|Any CPU
		{3321EA56-4BE4-4BCF-9767-63F4F7E0310F}.Release|Any CPU.ActiveCfg = Release|Any CPU
		{3321EA56-4BE4-4BCF-9767-63F4F7E0310F}.Release|Any CPU.Build.0 = Release|Any CPU
		{FC8FA5F1-D868-4971-9CB4-E46B33E8218B}.Debug|Any CPU.ActiveCfg = Debug|Any CPU
		{FC8FA5F1-D868-4971-9CB4-E46B33E8218B}.Debug|Any CPU.Build.0 = Debug|Any CPU
		{FC8FA5F1-D868-4971-9CB4-E46B33E8218B}.Release|Any CPU.ActiveCfg = Release|Any CPU
		{FC8FA5F1-D868-4971-9CB4-E46B33E8218B}.Release|Any CPU.Build.0 = Release|Any CPU
		{9BC8AC81-5FC5-4A59-BB09-F4777B7EE872}.Debug|Any CPU.ActiveCfg = Debug|Any CPU
		{9BC8AC81-5FC5-4A59-BB09-F4777B7EE872}.Debug|Any CPU.Build.0 = Debug|Any CPU
		{9BC8AC81-5FC5-4A59-BB09-F4777B7EE872}.Release|Any CPU.ActiveCfg = Release|Any CPU
		{9BC8AC81-5FC5-4A59-BB09-F4777B7EE872}.Release|Any CPU.Build.0 = Release|Any CPU
		{CB1D4D79-6E5F-4EE1-918E-842C7E7A78FC}.Debug|Any CPU.ActiveCfg = Debug|Any CPU
		{CB1D4D79-6E5F-4EE1-918E-842C7E7A78FC}.Debug|Any CPU.Build.0 = Debug|Any CPU
		{CB1D4D79-6E5F-4EE1-918E-842C7E7A78FC}.Release|Any CPU.ActiveCfg = Release|Any CPU
		{CB1D4D79-6E5F-4EE1-918E-842C7E7A78FC}.Release|Any CPU.Build.0 = Release|Any CPU
		{165216EB-9377-43BC-ACC6-E7B846E4AAC9}.Debug|Any CPU.ActiveCfg = Debug|Any CPU
		{165216EB-9377-43BC-ACC6-E7B846E4AAC9}.Debug|Any CPU.Build.0 = Debug|Any CPU
		{165216EB-9377-43BC-ACC6-E7B846E4AAC9}.Release|Any CPU.ActiveCfg = Release|Any CPU
		{165216EB-9377-43BC-ACC6-E7B846E4AAC9}.Release|Any CPU.Build.0 = Release|Any CPU
		{08423B01-C8D0-4E40-B05D-9921D3F1DD0E}.Debug|Any CPU.ActiveCfg = Debug|Any CPU
		{08423B01-C8D0-4E40-B05D-9921D3F1DD0E}.Debug|Any CPU.Build.0 = Debug|Any CPU
		{08423B01-C8D0-4E40-B05D-9921D3F1DD0E}.Release|Any CPU.ActiveCfg = Release|Any CPU
		{08423B01-C8D0-4E40-B05D-9921D3F1DD0E}.Release|Any CPU.Build.0 = Release|Any CPU
		{EF18AD1D-598C-41AD-90F6-2816B371A968}.Debug|Any CPU.ActiveCfg = Debug|Any CPU
		{EF18AD1D-598C-41AD-90F6-2816B371A968}.Debug|Any CPU.Build.0 = Debug|Any CPU
		{EF18AD1D-598C-41AD-90F6-2816B371A968}.Release|Any CPU.ActiveCfg = Release|Any CPU
		{EF18AD1D-598C-41AD-90F6-2816B371A968}.Release|Any CPU.Build.0 = Release|Any CPU
		{CD00810F-218A-409D-ADE1-5C4525FC0B0F}.Debug|Any CPU.ActiveCfg = Debug|Any CPU
		{CD00810F-218A-409D-ADE1-5C4525FC0B0F}.Debug|Any CPU.Build.0 = Debug|Any CPU
		{CD00810F-218A-409D-ADE1-5C4525FC0B0F}.Release|Any CPU.ActiveCfg = Release|Any CPU
		{CD00810F-218A-409D-ADE1-5C4525FC0B0F}.Release|Any CPU.Build.0 = Release|Any CPU
		{C9C634AB-BA24-4183-869A-05E8B727E13F}.Debug|Any CPU.ActiveCfg = Debug|Any CPU
		{C9C634AB-BA24-4183-869A-05E8B727E13F}.Debug|Any CPU.Build.0 = Debug|Any CPU
		{C9C634AB-BA24-4183-869A-05E8B727E13F}.Release|Any CPU.ActiveCfg = Release|Any CPU
		{C9C634AB-BA24-4183-869A-05E8B727E13F}.Release|Any CPU.Build.0 = Release|Any CPU
		{375AC660-2CED-4F6F-995A-935DC3E8120C}.Debug|Any CPU.ActiveCfg = Debug|Any CPU
		{375AC660-2CED-4F6F-995A-935DC3E8120C}.Debug|Any CPU.Build.0 = Debug|Any CPU
		{375AC660-2CED-4F6F-995A-935DC3E8120C}.Release|Any CPU.ActiveCfg = Release|Any CPU
		{375AC660-2CED-4F6F-995A-935DC3E8120C}.Release|Any CPU.Build.0 = Release|Any CPU
		{5584FA91-2293-4DF6-B15C-4F51ABBB290C}.Debug|Any CPU.ActiveCfg = Debug|Any CPU
		{5584FA91-2293-4DF6-B15C-4F51ABBB290C}.Debug|Any CPU.Build.0 = Debug|Any CPU
		{5584FA91-2293-4DF6-B15C-4F51ABBB290C}.Release|Any CPU.ActiveCfg = Release|Any CPU
		{5584FA91-2293-4DF6-B15C-4F51ABBB290C}.Release|Any CPU.Build.0 = Release|Any CPU
		{4FA11A4E-A520-487A-81A7-8D771F80C2BB}.Debug|Any CPU.ActiveCfg = Debug|Any CPU
		{4FA11A4E-A520-487A-81A7-8D771F80C2BB}.Debug|Any CPU.Build.0 = Debug|Any CPU
		{4FA11A4E-A520-487A-81A7-8D771F80C2BB}.Release|Any CPU.ActiveCfg = Release|Any CPU
		{4FA11A4E-A520-487A-81A7-8D771F80C2BB}.Release|Any CPU.Build.0 = Release|Any CPU
		{EB2D0531-DCC5-4361-AB20-242CA7F0EF29}.Debug|Any CPU.ActiveCfg = Debug|Any CPU
		{EB2D0531-DCC5-4361-AB20-242CA7F0EF29}.Debug|Any CPU.Build.0 = Debug|Any CPU
		{EB2D0531-DCC5-4361-AB20-242CA7F0EF29}.Release|Any CPU.ActiveCfg = Release|Any CPU
		{EB2D0531-DCC5-4361-AB20-242CA7F0EF29}.Release|Any CPU.Build.0 = Release|Any CPU
		{E7FE20F4-A3F1-4FAE-91CC-91B5ABC45FD8}.Debug|Any CPU.ActiveCfg = Debug|Any CPU
		{E7FE20F4-A3F1-4FAE-91CC-91B5ABC45FD8}.Debug|Any CPU.Build.0 = Debug|Any CPU
		{E7FE20F4-A3F1-4FAE-91CC-91B5ABC45FD8}.Release|Any CPU.ActiveCfg = Release|Any CPU
		{E7FE20F4-A3F1-4FAE-91CC-91B5ABC45FD8}.Release|Any CPU.Build.0 = Release|Any CPU
		{E71A1255-BD87-4818-AD57-08E5801F73E7}.Debug|Any CPU.ActiveCfg = Debug|Any CPU
		{E71A1255-BD87-4818-AD57-08E5801F73E7}.Debug|Any CPU.Build.0 = Debug|Any CPU
		{E71A1255-BD87-4818-AD57-08E5801F73E7}.Release|Any CPU.ActiveCfg = Release|Any CPU
		{E71A1255-BD87-4818-AD57-08E5801F73E7}.Release|Any CPU.Build.0 = Release|Any CPU
	EndGlobalSection
	GlobalSection(SolutionProperties) = preSolution
		HideSolutionNode = FALSE
	EndGlobalSection
	GlobalSection(NestedProjects) = preSolution
		{4E51F7D6-12BA-49A0-B9C1-B6D6B29826E6} = {4F4857E8-446B-442A-AFE2-0C0067D03C02}
		{23C6F32A-5C3B-4CE8-964C-960AF9174A67} = {51BB26EA-BBA7-4367-8CA2-24730F7C414C}
		{E1FC4835-FE69-4327-8044-D0B7F4AED320} = {4F4857E8-446B-442A-AFE2-0C0067D03C02}
		{32A84570-E0FA-419C-968C-120528DB6AED} = {4F4857E8-446B-442A-AFE2-0C0067D03C02}
		{32BBB983-AE09-4180-BACD-2A744A6DBF0E} = {51BB26EA-BBA7-4367-8CA2-24730F7C414C}
		{3321EA56-4BE4-4BCF-9767-63F4F7E0310F} = {4F4857E8-446B-442A-AFE2-0C0067D03C02}
		{FC8FA5F1-D868-4971-9CB4-E46B33E8218B} = {51BB26EA-BBA7-4367-8CA2-24730F7C414C}
		{9BC8AC81-5FC5-4A59-BB09-F4777B7EE872} = {51BB26EA-BBA7-4367-8CA2-24730F7C414C}
		{513FE50C-563E-41E5-986F-CC5F62BC2BA5} = {4F4857E8-446B-442A-AFE2-0C0067D03C02}
		{CB1D4D79-6E5F-4EE1-918E-842C7E7A78FC} = {513FE50C-563E-41E5-986F-CC5F62BC2BA5}
		{165216EB-9377-43BC-ACC6-E7B846E4AAC9} = {51BB26EA-BBA7-4367-8CA2-24730F7C414C}
		{08423B01-C8D0-4E40-B05D-9921D3F1DD0E} = {51BB26EA-BBA7-4367-8CA2-24730F7C414C}
		{EF18AD1D-598C-41AD-90F6-2816B371A968} = {51BB26EA-BBA7-4367-8CA2-24730F7C414C}
		{CD00810F-218A-409D-ADE1-5C4525FC0B0F} = {4F4857E8-446B-442A-AFE2-0C0067D03C02}
		{C9C634AB-BA24-4183-869A-05E8B727E13F} = {51BB26EA-BBA7-4367-8CA2-24730F7C414C}
		{375AC660-2CED-4F6F-995A-935DC3E8120C} = {4E9A52AF-080F-4FE8-84B1-D91BC4639D99}
		{5584FA91-2293-4DF6-B15C-4F51ABBB290C} = {51BB26EA-BBA7-4367-8CA2-24730F7C414C}
		{4FA11A4E-A520-487A-81A7-8D771F80C2BB} = {513FE50C-563E-41E5-986F-CC5F62BC2BA5}
		{EB2D0531-DCC5-4361-AB20-242CA7F0EF29} = {51BB26EA-BBA7-4367-8CA2-24730F7C414C}
		{E7FE20F4-A3F1-4FAE-91CC-91B5ABC45FD8} = {4F4857E8-446B-442A-AFE2-0C0067D03C02}
		{E71A1255-BD87-4818-AD57-08E5801F73E7} = {51BB26EA-BBA7-4367-8CA2-24730F7C414C}
	EndGlobalSection
	GlobalSection(ExtensibilityGlobals) = postSolution
		SolutionGuid = {FC99EDFF-9ABA-417A-90B8-78F618E975DE}
	EndGlobalSection
EndGlobal
