
Microsoft Visual Studio Solution File, Format Version 12.00
# Visual Studio Version 16
VisualStudioVersion = 16.0.29424.173
MinimumVisualStudioVersion = 15.0.26124.0
Project("{E53339B2-1760-4266-BCC7-CA923CBCF16C}") = "docker-compose", "docker-compose.dcproj", "{F817047F-018D-4F93-BDA5-58602073B634}"
EndProject
Project("{2150E333-8FDC-42A3-9474-1A3956D46DE8}") = "src", "src", "{B0EA6C81-8B78-4B7E-BD7C-1BAFC64796C1}"
EndProject
Project("{FAE04EC0-301F-11D3-BF4B-00C04F79EFBC}") = "MyHealth.Identity.Admin", "src\MyHealth.Identity.Admin\MyHealth.Identity.Admin.csproj", "{B1ADAA6B-C2C0-4B20-9533-0CA6F66507E5}"
EndProject
Project("{FAE04EC0-301F-11D3-BF4B-00C04F79EFBC}") = "MyHealth.Identity.STS.Identity", "src\MyHealth.Identity.STS.Identity\MyHealth.Identity.STS.Identity.csproj", "{AF55FAD3-BE7B-4CAF-97F4-902DD111CD53}"
EndProject
Project("{FAE04EC0-301F-11D3-BF4B-00C04F79EFBC}") = "MyHealth.Identity.Admin.Api", "src\MyHealth.Identity.Admin.Api\MyHealth.Identity.Admin.Api.csproj", "{5C279CDE-9BD0-4FD8-976E-2433288BB3CF}"
EndProject
Project("{FAE04EC0-301F-11D3-BF4B-00C04F79EFBC}") = "MyHealth.Identity.Admin.EntityFramework.Shared", "src\MyHealth.Identity.Admin.EntityFramework.Shared\MyHealth.Identity.Admin.EntityFramework.Shared.csproj", "{D9F0DFD1-0C21-4F47-A96A-12776DC6541F}"
EndProject
Project("{FAE04EC0-301F-11D3-BF4B-00C04F79EFBC}") = "MyHealth.Identity.Admin.EntityFramework.MySql", "src\MyHealth.Identity.Admin.EntityFramework.MySql\MyHealth.Identity.Admin.EntityFramework.MySql.csproj", "{B03D0594-AF0C-4746-AD89-CD9358A2C47C}"
EndProject
Project("{FAE04EC0-301F-11D3-BF4B-00C04F79EFBC}") = "MyHealth.Identity.Admin.EntityFramework.PostgreSQL", "src\MyHealth.Identity.Admin.EntityFramework.PostgreSQL\MyHealth.Identity.Admin.EntityFramework.PostgreSQL.csproj", "{2401D52D-D839-4EB2-9FC7-ECCE411E98BF}"
EndProject
Project("{FAE04EC0-301F-11D3-BF4B-00C04F79EFBC}") = "MyHealth.Identity.Admin.EntityFramework.SqlServer", "src\MyHealth.Identity.Admin.EntityFramework.SqlServer\MyHealth.Identity.Admin.EntityFramework.SqlServer.csproj", "{E6C8255A-587A-4F4B-BA3C-76A0422B60E5}"
EndProject
Global
	GlobalSection(SolutionConfigurationPlatforms) = preSolution
		Debug|Any CPU = Debug|Any CPU
		Debug|x64 = Debug|x64
		Debug|x86 = Debug|x86
		Release|Any CPU = Release|Any CPU
		Release|x64 = Release|x64
		Release|x86 = Release|x86
	EndGlobalSection
	GlobalSection(ProjectConfigurationPlatforms) = postSolution
		{F817047F-018D-4F93-BDA5-58602073B634}.Debug|Any CPU.ActiveCfg = Debug|Any CPU
		{F817047F-018D-4F93-BDA5-58602073B634}.Debug|Any CPU.Build.0 = Debug|Any CPU
		{F817047F-018D-4F93-BDA5-58602073B634}.Debug|x64.ActiveCfg = Debug|Any CPU
		{F817047F-018D-4F93-BDA5-58602073B634}.Debug|x64.Build.0 = Debug|Any CPU
		{F817047F-018D-4F93-BDA5-58602073B634}.Debug|x86.ActiveCfg = Debug|Any CPU
		{F817047F-018D-4F93-BDA5-58602073B634}.Debug|x86.Build.0 = Debug|Any CPU
		{F817047F-018D-4F93-BDA5-58602073B634}.Release|Any CPU.ActiveCfg = Release|Any CPU
		{F817047F-018D-4F93-BDA5-58602073B634}.Release|Any CPU.Build.0 = Release|Any CPU
		{F817047F-018D-4F93-BDA5-58602073B634}.Release|x64.ActiveCfg = Release|Any CPU
		{F817047F-018D-4F93-BDA5-58602073B634}.Release|x64.Build.0 = Release|Any CPU
		{F817047F-018D-4F93-BDA5-58602073B634}.Release|x86.ActiveCfg = Release|Any CPU
		{F817047F-018D-4F93-BDA5-58602073B634}.Release|x86.Build.0 = Release|Any CPU
		{B1ADAA6B-C2C0-4B20-9533-0CA6F66507E5}.Debug|Any CPU.ActiveCfg = Debug|Any CPU
		{B1ADAA6B-C2C0-4B20-9533-0CA6F66507E5}.Debug|Any CPU.Build.0 = Debug|Any CPU
		{B1ADAA6B-C2C0-4B20-9533-0CA6F66507E5}.Debug|x64.ActiveCfg = Debug|Any CPU
		{B1ADAA6B-C2C0-4B20-9533-0CA6F66507E5}.Debug|x64.Build.0 = Debug|Any CPU
		{B1ADAA6B-C2C0-4B20-9533-0CA6F66507E5}.Debug|x86.ActiveCfg = Debug|Any CPU
		{B1ADAA6B-C2C0-4B20-9533-0CA6F66507E5}.Debug|x86.Build.0 = Debug|Any CPU
		{B1ADAA6B-C2C0-4B20-9533-0CA6F66507E5}.Release|Any CPU.ActiveCfg = Release|Any CPU
		{B1ADAA6B-C2C0-4B20-9533-0CA6F66507E5}.Release|Any CPU.Build.0 = Release|Any CPU
		{B1ADAA6B-C2C0-4B20-9533-0CA6F66507E5}.Release|x64.ActiveCfg = Release|Any CPU
		{B1ADAA6B-C2C0-4B20-9533-0CA6F66507E5}.Release|x64.Build.0 = Release|Any CPU
		{B1ADAA6B-C2C0-4B20-9533-0CA6F66507E5}.Release|x86.ActiveCfg = Release|Any CPU
		{B1ADAA6B-C2C0-4B20-9533-0CA6F66507E5}.Release|x86.Build.0 = Release|Any CPU
		{AF55FAD3-BE7B-4CAF-97F4-902DD111CD53}.Debug|Any CPU.ActiveCfg = Debug|Any CPU
		{AF55FAD3-BE7B-4CAF-97F4-902DD111CD53}.Debug|Any CPU.Build.0 = Debug|Any CPU
		{AF55FAD3-BE7B-4CAF-97F4-902DD111CD53}.Debug|x64.ActiveCfg = Debug|Any CPU
		{AF55FAD3-BE7B-4CAF-97F4-902DD111CD53}.Debug|x64.Build.0 = Debug|Any CPU
		{AF55FAD3-BE7B-4CAF-97F4-902DD111CD53}.Debug|x86.ActiveCfg = Debug|Any CPU
		{AF55FAD3-BE7B-4CAF-97F4-902DD111CD53}.Debug|x86.Build.0 = Debug|Any CPU
		{AF55FAD3-BE7B-4CAF-97F4-902DD111CD53}.Release|Any CPU.ActiveCfg = Release|Any CPU
		{AF55FAD3-BE7B-4CAF-97F4-902DD111CD53}.Release|Any CPU.Build.0 = Release|Any CPU
		{AF55FAD3-BE7B-4CAF-97F4-902DD111CD53}.Release|x64.ActiveCfg = Release|Any CPU
		{AF55FAD3-BE7B-4CAF-97F4-902DD111CD53}.Release|x64.Build.0 = Release|Any CPU
		{AF55FAD3-BE7B-4CAF-97F4-902DD111CD53}.Release|x86.ActiveCfg = Release|Any CPU
		{AF55FAD3-BE7B-4CAF-97F4-902DD111CD53}.Release|x86.Build.0 = Release|Any CPU
		{5C279CDE-9BD0-4FD8-976E-2433288BB3CF}.Debug|Any CPU.ActiveCfg = Debug|Any CPU
		{5C279CDE-9BD0-4FD8-976E-2433288BB3CF}.Debug|Any CPU.Build.0 = Debug|Any CPU
		{5C279CDE-9BD0-4FD8-976E-2433288BB3CF}.Debug|x64.ActiveCfg = Debug|Any CPU
		{5C279CDE-9BD0-4FD8-976E-2433288BB3CF}.Debug|x64.Build.0 = Debug|Any CPU
		{5C279CDE-9BD0-4FD8-976E-2433288BB3CF}.Debug|x86.ActiveCfg = Debug|Any CPU
		{5C279CDE-9BD0-4FD8-976E-2433288BB3CF}.Debug|x86.Build.0 = Debug|Any CPU
		{5C279CDE-9BD0-4FD8-976E-2433288BB3CF}.Release|Any CPU.ActiveCfg = Release|Any CPU
		{5C279CDE-9BD0-4FD8-976E-2433288BB3CF}.Release|Any CPU.Build.0 = Release|Any CPU
		{5C279CDE-9BD0-4FD8-976E-2433288BB3CF}.Release|x64.ActiveCfg = Release|Any CPU
		{5C279CDE-9BD0-4FD8-976E-2433288BB3CF}.Release|x64.Build.0 = Release|Any CPU
		{5C279CDE-9BD0-4FD8-976E-2433288BB3CF}.Release|x86.ActiveCfg = Release|Any CPU
		{5C279CDE-9BD0-4FD8-976E-2433288BB3CF}.Release|x86.Build.0 = Release|Any CPU
		{D9F0DFD1-0C21-4F47-A96A-12776DC6541F}.Debug|Any CPU.ActiveCfg = Debug|Any CPU
		{D9F0DFD1-0C21-4F47-A96A-12776DC6541F}.Debug|Any CPU.Build.0 = Debug|Any CPU
		{D9F0DFD1-0C21-4F47-A96A-12776DC6541F}.Debug|x64.ActiveCfg = Debug|Any CPU
		{D9F0DFD1-0C21-4F47-A96A-12776DC6541F}.Debug|x64.Build.0 = Debug|Any CPU
		{D9F0DFD1-0C21-4F47-A96A-12776DC6541F}.Debug|x86.ActiveCfg = Debug|Any CPU
		{D9F0DFD1-0C21-4F47-A96A-12776DC6541F}.Debug|x86.Build.0 = Debug|Any CPU
		{D9F0DFD1-0C21-4F47-A96A-12776DC6541F}.Release|Any CPU.ActiveCfg = Release|Any CPU
		{D9F0DFD1-0C21-4F47-A96A-12776DC6541F}.Release|Any CPU.Build.0 = Release|Any CPU
		{D9F0DFD1-0C21-4F47-A96A-12776DC6541F}.Release|x64.ActiveCfg = Release|Any CPU
		{D9F0DFD1-0C21-4F47-A96A-12776DC6541F}.Release|x64.Build.0 = Release|Any CPU
		{D9F0DFD1-0C21-4F47-A96A-12776DC6541F}.Release|x86.ActiveCfg = Release|Any CPU
		{D9F0DFD1-0C21-4F47-A96A-12776DC6541F}.Release|x86.Build.0 = Release|Any CPU
		{B03D0594-AF0C-4746-AD89-CD9358A2C47C}.Debug|Any CPU.ActiveCfg = Debug|Any CPU
		{B03D0594-AF0C-4746-AD89-CD9358A2C47C}.Debug|Any CPU.Build.0 = Debug|Any CPU
		{B03D0594-AF0C-4746-AD89-CD9358A2C47C}.Debug|x64.ActiveCfg = Debug|Any CPU
		{B03D0594-AF0C-4746-AD89-CD9358A2C47C}.Debug|x64.Build.0 = Debug|Any CPU
		{B03D0594-AF0C-4746-AD89-CD9358A2C47C}.Debug|x86.ActiveCfg = Debug|Any CPU
		{B03D0594-AF0C-4746-AD89-CD9358A2C47C}.Debug|x86.Build.0 = Debug|Any CPU
		{B03D0594-AF0C-4746-AD89-CD9358A2C47C}.Release|Any CPU.ActiveCfg = Release|Any CPU
		{B03D0594-AF0C-4746-AD89-CD9358A2C47C}.Release|Any CPU.Build.0 = Release|Any CPU
		{B03D0594-AF0C-4746-AD89-CD9358A2C47C}.Release|x64.ActiveCfg = Release|Any CPU
		{B03D0594-AF0C-4746-AD89-CD9358A2C47C}.Release|x64.Build.0 = Release|Any CPU
		{B03D0594-AF0C-4746-AD89-CD9358A2C47C}.Release|x86.ActiveCfg = Release|Any CPU
		{B03D0594-AF0C-4746-AD89-CD9358A2C47C}.Release|x86.Build.0 = Release|Any CPU
		{2401D52D-D839-4EB2-9FC7-ECCE411E98BF}.Debug|Any CPU.ActiveCfg = Debug|Any CPU
		{2401D52D-D839-4EB2-9FC7-ECCE411E98BF}.Debug|Any CPU.Build.0 = Debug|Any CPU
		{2401D52D-D839-4EB2-9FC7-ECCE411E98BF}.Debug|x64.ActiveCfg = Debug|Any CPU
		{2401D52D-D839-4EB2-9FC7-ECCE411E98BF}.Debug|x64.Build.0 = Debug|Any CPU
		{2401D52D-D839-4EB2-9FC7-ECCE411E98BF}.Debug|x86.ActiveCfg = Debug|Any CPU
		{2401D52D-D839-4EB2-9FC7-ECCE411E98BF}.Debug|x86.Build.0 = Debug|Any CPU
		{2401D52D-D839-4EB2-9FC7-ECCE411E98BF}.Release|Any CPU.ActiveCfg = Release|Any CPU
		{2401D52D-D839-4EB2-9FC7-ECCE411E98BF}.Release|Any CPU.Build.0 = Release|Any CPU
		{2401D52D-D839-4EB2-9FC7-ECCE411E98BF}.Release|x64.ActiveCfg = Release|Any CPU
		{2401D52D-D839-4EB2-9FC7-ECCE411E98BF}.Release|x64.Build.0 = Release|Any CPU
		{2401D52D-D839-4EB2-9FC7-ECCE411E98BF}.Release|x86.ActiveCfg = Release|Any CPU
		{2401D52D-D839-4EB2-9FC7-ECCE411E98BF}.Release|x86.Build.0 = Release|Any CPU
		{E6C8255A-587A-4F4B-BA3C-76A0422B60E5}.Debug|Any CPU.ActiveCfg = Debug|Any CPU
		{E6C8255A-587A-4F4B-BA3C-76A0422B60E5}.Debug|Any CPU.Build.0 = Debug|Any CPU
		{E6C8255A-587A-4F4B-BA3C-76A0422B60E5}.Debug|x64.ActiveCfg = Debug|Any CPU
		{E6C8255A-587A-4F4B-BA3C-76A0422B60E5}.Debug|x64.Build.0 = Debug|Any CPU
		{E6C8255A-587A-4F4B-BA3C-76A0422B60E5}.Debug|x86.ActiveCfg = Debug|Any CPU
		{E6C8255A-587A-4F4B-BA3C-76A0422B60E5}.Debug|x86.Build.0 = Debug|Any CPU
		{E6C8255A-587A-4F4B-BA3C-76A0422B60E5}.Release|Any CPU.ActiveCfg = Release|Any CPU
		{E6C8255A-587A-4F4B-BA3C-76A0422B60E5}.Release|Any CPU.Build.0 = Release|Any CPU
		{E6C8255A-587A-4F4B-BA3C-76A0422B60E5}.Release|x64.ActiveCfg = Release|Any CPU
		{E6C8255A-587A-4F4B-BA3C-76A0422B60E5}.Release|x64.Build.0 = Release|Any CPU
		{E6C8255A-587A-4F4B-BA3C-76A0422B60E5}.Release|x86.ActiveCfg = Release|Any CPU
		{E6C8255A-587A-4F4B-BA3C-76A0422B60E5}.Release|x86.Build.0 = Release|Any CPU
	EndGlobalSection
	GlobalSection(SolutionProperties) = preSolution
		HideSolutionNode = FALSE
	EndGlobalSection
	GlobalSection(ExtensibilityGlobals) = postSolution
		SolutionGuid = {549F6BA2-7BF0-4104-9088-47D242078F31}
	EndGlobalSection
	GlobalSection(NestedProjects) = preSolution
		{B1ADAA6B-C2C0-4B20-9533-0CA6F66507E5} = {B0EA6C81-8B78-4B7E-BD7C-1BAFC64796C1}
		{AF55FAD3-BE7B-4CAF-97F4-902DD111CD53} = {B0EA6C81-8B78-4B7E-BD7C-1BAFC64796C1}
		{5C279CDE-9BD0-4FD8-976E-2433288BB3CF} = {B0EA6C81-8B78-4B7E-BD7C-1BAFC64796C1}
		{D9F0DFD1-0C21-4F47-A96A-12776DC6541F} = {B0EA6C81-8B78-4B7E-BD7C-1BAFC64796C1}
		{B03D0594-AF0C-4746-AD89-CD9358A2C47C} = {B0EA6C81-8B78-4B7E-BD7C-1BAFC64796C1}
		{2401D52D-D839-4EB2-9FC7-ECCE411E98BF} = {B0EA6C81-8B78-4B7E-BD7C-1BAFC64796C1}
		{E6C8255A-587A-4F4B-BA3C-76A0422B60E5} = {B0EA6C81-8B78-4B7E-BD7C-1BAFC64796C1}
	EndGlobalSection
EndGlobal
