
Microsoft Visual Studio Solution File, Format Version 12.00
# Visual Studio Version 16
VisualStudioVersion = 16.0.29728.190
MinimumVisualStudioVersion = 10.0.40219.1
Project("{9A19103F-16F7-4668-BE54-9A1E7A4F7556}") = "MyHealth.Observations.Api", "src\MyHealth.Observations.Api\MyHealth.Observations.Api.csproj", "{82B7D22C-2129-4841-9A60-FC7103F4098F}"
EndProject
Project("{2150E333-8FDC-42A3-9474-1A3956D46DE8}") = "src", "src", "{F5B0AE8E-F672-4E79-8F00-392D0B866802}"
EndProject
Project("{9A19103F-16F7-4668-BE54-9A1E7A4F7556}") = "MyHealth.Observations.Models", "src\MyHealth.Observations.Models\MyHealth.Observations.Models.csproj", "{7A15DD34-1EED-452E-80AD-09132FF03BD1}"
EndProject
Project("{9A19103F-16F7-4668-BE54-9A1E7A4F7556}") = "MyHealth.Observations.Fhir", "src\MyHealth.Observations.Fhir\MyHealth.Observations.Fhir.csproj", "{D786B902-115B-47D0-A3B7-EAE3C7738148}"
EndProject
Project("{9A19103F-16F7-4668-BE54-9A1E7A4F7556}") = "MyHealth.Observations.Core", "src\MyHealth.Observations.Core\MyHealth.Observations.Core.csproj", "{8BE5D426-DF6F-44EB-A02C-212D8678CB9C}"
EndProject
Global
	GlobalSection(SolutionConfigurationPlatforms) = preSolution
		Debug|Any CPU = Debug|Any CPU
		Release|Any CPU = Release|Any CPU
	EndGlobalSection
	GlobalSection(ProjectConfigurationPlatforms) = postSolution
		{82B7D22C-2129-4841-9A60-FC7103F4098F}.Debug|Any CPU.ActiveCfg = Debug|Any CPU
		{82B7D22C-2129-4841-9A60-FC7103F4098F}.Debug|Any CPU.Build.0 = Debug|Any CPU
		{82B7D22C-2129-4841-9A60-FC7103F4098F}.Release|Any CPU.ActiveCfg = Release|Any CPU
		{82B7D22C-2129-4841-9A60-FC7103F4098F}.Release|Any CPU.Build.0 = Release|Any CPU
		{7A15DD34-1EED-452E-80AD-09132FF03BD1}.Debug|Any CPU.ActiveCfg = Debug|Any CPU
		{7A15DD34-1EED-452E-80AD-09132FF03BD1}.Debug|Any CPU.Build.0 = Debug|Any CPU
		{7A15DD34-1EED-452E-80AD-09132FF03BD1}.Release|Any CPU.ActiveCfg = Release|Any CPU
		{7A15DD34-1EED-452E-80AD-09132FF03BD1}.Release|Any CPU.Build.0 = Release|Any CPU
		{D786B902-115B-47D0-A3B7-EAE3C7738148}.Debug|Any CPU.ActiveCfg = Debug|Any CPU
		{D786B902-115B-47D0-A3B7-EAE3C7738148}.Debug|Any CPU.Build.0 = Debug|Any CPU
		{D786B902-115B-47D0-A3B7-EAE3C7738148}.Release|Any CPU.ActiveCfg = Release|Any CPU
		{D786B902-115B-47D0-A3B7-EAE3C7738148}.Release|Any CPU.Build.0 = Release|Any CPU
		{8BE5D426-DF6F-44EB-A02C-212D8678CB9C}.Debug|Any CPU.ActiveCfg = Debug|Any CPU
		{8BE5D426-DF6F-44EB-A02C-212D8678CB9C}.Debug|Any CPU.Build.0 = Debug|Any CPU
		{8BE5D426-DF6F-44EB-A02C-212D8678CB9C}.Release|Any CPU.ActiveCfg = Release|Any CPU
		{8BE5D426-DF6F-44EB-A02C-212D8678CB9C}.Release|Any CPU.Build.0 = Release|Any CPU
	EndGlobalSection
	GlobalSection(SolutionProperties) = preSolution
		HideSolutionNode = FALSE
	EndGlobalSection
	GlobalSection(NestedProjects) = preSolution
		{82B7D22C-2129-4841-9A60-FC7103F4098F} = {F5B0AE8E-F672-4E79-8F00-392D0B866802}
		{7A15DD34-1EED-452E-80AD-09132FF03BD1} = {F5B0AE8E-F672-4E79-8F00-392D0B866802}
		{D786B902-115B-47D0-A3B7-EAE3C7738148} = {F5B0AE8E-F672-4E79-8F00-392D0B866802}
		{8BE5D426-DF6F-44EB-A02C-212D8678CB9C} = {F5B0AE8E-F672-4E79-8F00-392D0B866802}
	EndGlobalSection
	GlobalSection(ExtensibilityGlobals) = postSolution
		SolutionGuid = {377E9136-5899-47AC-9E43-3CDCDFB330DF}
	EndGlobalSection
EndGlobal
