
Microsoft Visual Studio Solution File, Format Version 12.00
# Visual Studio Version 16
VisualStudioVersion = 16.0.29728.190
MinimumVisualStudioVersion = 10.0.40219.1
Project("{9A19103F-16F7-4668-BE54-9A1E7A4F7556}") = "MyHealth.HealthRecord.Api", "src\MyHealth.HealthRecord.Api\MyHealth.HealthRecord.Api.csproj", "{82B7D22C-2129-4841-9A60-FC7103F4098F}"
EndProject
Project("{2150E333-8FDC-42A3-9474-1A3956D46DE8}") = "src", "src", "{F5B0AE8E-F672-4E79-8F00-392D0B866802}"
EndProject
Project("{9A19103F-16F7-4668-BE54-9A1E7A4F7556}") = "MyHealth.HealthRecord.Models", "src\MyHealth.HealthRecord.Models\MyHealth.HealthRecord.Models.csproj", "{7A15DD34-1EED-452E-80AD-09132FF03BD1}"
EndProject
Project("{9A19103F-16F7-4668-BE54-9A1E7A4F7556}") = "MyHealth.HealthRecord.Data.Fhir", "src\MyHealth.HealthRecord.Data.Fhir\MyHealth.HealthRecord.Data.Fhir.csproj", "{D786B902-115B-47D0-A3B7-EAE3C7738148}"
EndProject
Project("{9A19103F-16F7-4668-BE54-9A1E7A4F7556}") = "MyHealth.HealthRecord.Core", "src\MyHealth.HealthRecord.Core\MyHealth.HealthRecord.Core.csproj", "{8BE5D426-DF6F-44EB-A02C-212D8678CB9C}"
EndProject
Project("{2150E333-8FDC-42A3-9474-1A3956D46DE8}") = "extensions", "extensions", "{7C93D599-2616-42F6-9E5A-E112CFB2E81D}"
EndProject
Project("{9A19103F-16F7-4668-BE54-9A1E7A4F7556}") = "MyHealth.Extensions.AspNetCore.Swagger", "..\..\extensions\src\MyHealth.Extensions.AspNetCore.Swagger\MyHealth.Extensions.AspNetCore.Swagger.csproj", "{CD45C6E6-AA9E-46AC-97BF-383804304204}"
EndProject
Project("{9A19103F-16F7-4668-BE54-9A1E7A4F7556}") = "MyHealth.Extensions.DependencyInjection", "..\..\extensions\src\MyHealth.Extensions.DependencyInjection\MyHealth.Extensions.DependencyInjection.csproj", "{A8CDEC8B-5CCD-4FE7-A118-124C3EE88BA8}"
EndProject
Project("{9A19103F-16F7-4668-BE54-9A1E7A4F7556}") = "MyHealth.Extensions.AspNetCore.Versioning", "..\..\extensions\src\MyHealth.Extensions.AspNetCore.Versioning\MyHealth.Extensions.AspNetCore.Versioning.csproj", "{D77BE1F4-1D1C-4B38-9B1B-BEF782F79B6A}"
EndProject
Project("{9A19103F-16F7-4668-BE54-9A1E7A4F7556}") = "MyHealth.Extensions.Events", "..\..\extensions\src\MyHealth.Extensions.Events\MyHealth.Extensions.Events.csproj", "{267DF9B6-CFFB-4DC2-9BBF-EF06C1674755}"
EndProject
Project("{9A19103F-16F7-4668-BE54-9A1E7A4F7556}") = "MyHealth.Extensions.Events.ApplicationInsights", "..\..\extensions\src\MyHealth.Extensions.Events.ApplicationInsights\MyHealth.Extensions.Events.ApplicationInsights.csproj", "{005EE99A-5E8F-40E6-A09D-A00B3B381CBD}"
EndProject
Project("{9A19103F-16F7-4668-BE54-9A1E7A4F7556}") = "MyHealth.Extensions.Events.Azure.EventGrid", "..\..\extensions\src\MyHealth.Extensions.Events.Azure.EventGrid\MyHealth.Extensions.Events.Azure.EventGrid.csproj", "{3BF25B52-7B6D-4117-AF75-355A5E97B609}"
EndProject
Project("{9A19103F-16F7-4668-BE54-9A1E7A4F7556}") = "MyHealth.Extensions.AspNetCore.Context", "..\..\extensions\src\MyHealth.Extensions.AspNetCore.Context\MyHealth.Extensions.AspNetCore.Context.csproj", "{A35D6031-77D2-4EF0-9349-199F66314ADC}"
EndProject
Project("{9A19103F-16F7-4668-BE54-9A1E7A4F7556}") = "MyHealth.Extensions.Fhir", "..\..\extensions\src\MyHealth.Extensions.Fhir\MyHealth.Extensions.Fhir.csproj", "{C29C5797-948C-4726-8432-94B5634F2DB7}"
EndProject
Global
	GlobalSection(SolutionConfigurationPlatforms) = preSolution
		Debug|Any CPU = Debug|Any CPU
		Release|Any CPU = Release|Any CPU
	EndGlobalSection
	GlobalSection(ProjectConfigurationPlatforms) = postSolution
		{82B7D22C-2129-4841-9A60-FC7103F4098F}.Debug|Any CPU.ActiveCfg = Debug|Any CPU
		{82B7D22C-2129-4841-9A60-FC7103F4098F}.Debug|Any CPU.Build.0 = Debug|Any CPU
		{82B7D22C-2129-4841-9A60-FC7103F4098F}.Release|Any CPU.ActiveCfg = Release|Any CPU
		{82B7D22C-2129-4841-9A60-FC7103F4098F}.Release|Any CPU.Build.0 = Release|Any CPU
		{7A15DD34-1EED-452E-80AD-09132FF03BD1}.Debug|Any CPU.ActiveCfg = Debug|Any CPU
		{7A15DD34-1EED-452E-80AD-09132FF03BD1}.Debug|Any CPU.Build.0 = Debug|Any CPU
		{7A15DD34-1EED-452E-80AD-09132FF03BD1}.Release|Any CPU.ActiveCfg = Release|Any CPU
		{7A15DD34-1EED-452E-80AD-09132FF03BD1}.Release|Any CPU.Build.0 = Release|Any CPU
		{D786B902-115B-47D0-A3B7-EAE3C7738148}.Debug|Any CPU.ActiveCfg = Debug|Any CPU
		{D786B902-115B-47D0-A3B7-EAE3C7738148}.Debug|Any CPU.Build.0 = Debug|Any CPU
		{D786B902-115B-47D0-A3B7-EAE3C7738148}.Release|Any CPU.ActiveCfg = Release|Any CPU
		{D786B902-115B-47D0-A3B7-EAE3C7738148}.Release|Any CPU.Build.0 = Release|Any CPU
		{8BE5D426-DF6F-44EB-A02C-212D8678CB9C}.Debug|Any CPU.ActiveCfg = Debug|Any CPU
		{8BE5D426-DF6F-44EB-A02C-212D8678CB9C}.Debug|Any CPU.Build.0 = Debug|Any CPU
		{8BE5D426-DF6F-44EB-A02C-212D8678CB9C}.Release|Any CPU.ActiveCfg = Release|Any CPU
		{8BE5D426-DF6F-44EB-A02C-212D8678CB9C}.Release|Any CPU.Build.0 = Release|Any CPU
		{CD45C6E6-AA9E-46AC-97BF-383804304204}.Debug|Any CPU.ActiveCfg = Debug|Any CPU
		{CD45C6E6-AA9E-46AC-97BF-383804304204}.Debug|Any CPU.Build.0 = Debug|Any CPU
		{CD45C6E6-AA9E-46AC-97BF-383804304204}.Release|Any CPU.ActiveCfg = Release|Any CPU
		{CD45C6E6-AA9E-46AC-97BF-383804304204}.Release|Any CPU.Build.0 = Release|Any CPU
		{A8CDEC8B-5CCD-4FE7-A118-124C3EE88BA8}.Debug|Any CPU.ActiveCfg = Debug|Any CPU
		{A8CDEC8B-5CCD-4FE7-A118-124C3EE88BA8}.Debug|Any CPU.Build.0 = Debug|Any CPU
		{A8CDEC8B-5CCD-4FE7-A118-124C3EE88BA8}.Release|Any CPU.ActiveCfg = Release|Any CPU
		{A8CDEC8B-5CCD-4FE7-A118-124C3EE88BA8}.Release|Any CPU.Build.0 = Release|Any CPU
		{D77BE1F4-1D1C-4B38-9B1B-BEF782F79B6A}.Debug|Any CPU.ActiveCfg = Debug|Any CPU
		{D77BE1F4-1D1C-4B38-9B1B-BEF782F79B6A}.Debug|Any CPU.Build.0 = Debug|Any CPU
		{D77BE1F4-1D1C-4B38-9B1B-BEF782F79B6A}.Release|Any CPU.ActiveCfg = Release|Any CPU
		{D77BE1F4-1D1C-4B38-9B1B-BEF782F79B6A}.Release|Any CPU.Build.0 = Release|Any CPU
		{267DF9B6-CFFB-4DC2-9BBF-EF06C1674755}.Debug|Any CPU.ActiveCfg = Debug|Any CPU
		{267DF9B6-CFFB-4DC2-9BBF-EF06C1674755}.Debug|Any CPU.Build.0 = Debug|Any CPU
		{267DF9B6-CFFB-4DC2-9BBF-EF06C1674755}.Release|Any CPU.ActiveCfg = Release|Any CPU
		{267DF9B6-CFFB-4DC2-9BBF-EF06C1674755}.Release|Any CPU.Build.0 = Release|Any CPU
		{005EE99A-5E8F-40E6-A09D-A00B3B381CBD}.Debug|Any CPU.ActiveCfg = Debug|Any CPU
		{005EE99A-5E8F-40E6-A09D-A00B3B381CBD}.Debug|Any CPU.Build.0 = Debug|Any CPU
		{005EE99A-5E8F-40E6-A09D-A00B3B381CBD}.Release|Any CPU.ActiveCfg = Release|Any CPU
		{005EE99A-5E8F-40E6-A09D-A00B3B381CBD}.Release|Any CPU.Build.0 = Release|Any CPU
		{3BF25B52-7B6D-4117-AF75-355A5E97B609}.Debug|Any CPU.ActiveCfg = Debug|Any CPU
		{3BF25B52-7B6D-4117-AF75-355A5E97B609}.Debug|Any CPU.Build.0 = Debug|Any CPU
		{3BF25B52-7B6D-4117-AF75-355A5E97B609}.Release|Any CPU.ActiveCfg = Release|Any CPU
		{3BF25B52-7B6D-4117-AF75-355A5E97B609}.Release|Any CPU.Build.0 = Release|Any CPU
		{A35D6031-77D2-4EF0-9349-199F66314ADC}.Debug|Any CPU.ActiveCfg = Debug|Any CPU
		{A35D6031-77D2-4EF0-9349-199F66314ADC}.Debug|Any CPU.Build.0 = Debug|Any CPU
		{A35D6031-77D2-4EF0-9349-199F66314ADC}.Release|Any CPU.ActiveCfg = Release|Any CPU
		{A35D6031-77D2-4EF0-9349-199F66314ADC}.Release|Any CPU.Build.0 = Release|Any CPU
		{C29C5797-948C-4726-8432-94B5634F2DB7}.Debug|Any CPU.ActiveCfg = Debug|Any CPU
		{C29C5797-948C-4726-8432-94B5634F2DB7}.Debug|Any CPU.Build.0 = Debug|Any CPU
		{C29C5797-948C-4726-8432-94B5634F2DB7}.Release|Any CPU.ActiveCfg = Release|Any CPU
		{C29C5797-948C-4726-8432-94B5634F2DB7}.Release|Any CPU.Build.0 = Release|Any CPU
	EndGlobalSection
	GlobalSection(SolutionProperties) = preSolution
		HideSolutionNode = FALSE
	EndGlobalSection
	GlobalSection(NestedProjects) = preSolution
		{82B7D22C-2129-4841-9A60-FC7103F4098F} = {F5B0AE8E-F672-4E79-8F00-392D0B866802}
		{7A15DD34-1EED-452E-80AD-09132FF03BD1} = {F5B0AE8E-F672-4E79-8F00-392D0B866802}
		{D786B902-115B-47D0-A3B7-EAE3C7738148} = {F5B0AE8E-F672-4E79-8F00-392D0B866802}
		{8BE5D426-DF6F-44EB-A02C-212D8678CB9C} = {F5B0AE8E-F672-4E79-8F00-392D0B866802}
		{CD45C6E6-AA9E-46AC-97BF-383804304204} = {7C93D599-2616-42F6-9E5A-E112CFB2E81D}
		{A8CDEC8B-5CCD-4FE7-A118-124C3EE88BA8} = {7C93D599-2616-42F6-9E5A-E112CFB2E81D}
		{D77BE1F4-1D1C-4B38-9B1B-BEF782F79B6A} = {7C93D599-2616-42F6-9E5A-E112CFB2E81D}
		{267DF9B6-CFFB-4DC2-9BBF-EF06C1674755} = {7C93D599-2616-42F6-9E5A-E112CFB2E81D}
		{005EE99A-5E8F-40E6-A09D-A00B3B381CBD} = {7C93D599-2616-42F6-9E5A-E112CFB2E81D}
		{3BF25B52-7B6D-4117-AF75-355A5E97B609} = {7C93D599-2616-42F6-9E5A-E112CFB2E81D}
		{A35D6031-77D2-4EF0-9349-199F66314ADC} = {7C93D599-2616-42F6-9E5A-E112CFB2E81D}
		{C29C5797-948C-4726-8432-94B5634F2DB7} = {7C93D599-2616-42F6-9E5A-E112CFB2E81D}
	EndGlobalSection
	GlobalSection(ExtensibilityGlobals) = postSolution
		SolutionGuid = {377E9136-5899-47AC-9E43-3CDCDFB330DF}
	EndGlobalSection
EndGlobal
