
Microsoft Visual Studio Solution File, Format Version 12.00
# Visual Studio Version 16
VisualStudioVersion = 16.0.29424.173
MinimumVisualStudioVersion = 15.0.26124.0
Project("{E53339B2-1760-4266-BCC7-CA923CBCF16C}") = "docker-compose", "docker-compose.dcproj", "{F817047F-018D-4F93-BDA5-58602073B634}"
EndProject
Project("{2150E333-8FDC-42A3-9474-1A3956D46DE8}") = "src", "src", "{B98800ED-BDA2-43C9-B5EA-82AD4F68B6C1}"
EndProject
Project("{FAE04EC0-301F-11D3-BF4B-00C04F79EFBC}") = "MyHealth.Identity.Admin", "src\MyHealth.Identity.Admin\MyHealth.Identity.Admin.csproj", "{56681751-99C2-48F9-9981-4D253BC1F24F}"
EndProject
Project("{FAE04EC0-301F-11D3-BF4B-00C04F79EFBC}") = "MyHealth.Identity.STS.Identity", "src\MyHealth.Identity.STS.Identity\MyHealth.Identity.STS.Identity.csproj", "{D9FF86EA-14DB-484E-A068-4CFA8269935E}"
EndProject
Project("{FAE04EC0-301F-11D3-BF4B-00C04F79EFBC}") = "MyHealth.Identity.Admin.Api", "src\MyHealth.Identity.Admin.Api\MyHealth.Identity.Admin.Api.csproj", "{79E91CEC-5BD9-4A62-BA62-1BD478F975FA}"
EndProject
Project("{FAE04EC0-301F-11D3-BF4B-00C04F79EFBC}") = "MyHealth.Identity.Admin.EntityFramework.Shared", "src\MyHealth.Identity.Admin.EntityFramework.Shared\MyHealth.Identity.Admin.EntityFramework.Shared.csproj", "{A416171D-CEB7-48FF-A78F-B269794ED55C}"
EndProject
Project("{FAE04EC0-301F-11D3-BF4B-00C04F79EFBC}") = "MyHealth.Identity.Admin.EntityFramework.MySql", "src\MyHealth.Identity.Admin.EntityFramework.MySql\MyHealth.Identity.Admin.EntityFramework.MySql.csproj", "{A51DEBC2-E61B-449E-8DDE-4A5FDC231265}"
EndProject
Project("{FAE04EC0-301F-11D3-BF4B-00C04F79EFBC}") = "MyHealth.Identity.Admin.EntityFramework.PostgreSQL", "src\MyHealth.Identity.Admin.EntityFramework.PostgreSQL\MyHealth.Identity.Admin.EntityFramework.PostgreSQL.csproj", "{90ECD695-A894-4932-BCE8-6A618EF75FD6}"
EndProject
Project("{FAE04EC0-301F-11D3-BF4B-00C04F79EFBC}") = "MyHealth.Identity.Admin.EntityFramework.SqlServer", "src\MyHealth.Identity.Admin.EntityFramework.SqlServer\MyHealth.Identity.Admin.EntityFramework.SqlServer.csproj", "{057AC790-F90D-47A9-923B-EF492562D864}"
EndProject
Project("{FAE04EC0-301F-11D3-BF4B-00C04F79EFBC}") = "MyHealth.Identity.Shared", "src\MyHealth.Identity.Shared\MyHealth.Identity.Shared.csproj", "{38E7CC0B-89D5-4A95-A029-79C941EAC21D}"
EndProject
Global
	GlobalSection(SolutionConfigurationPlatforms) = preSolution
		Debug|Any CPU = Debug|Any CPU
		Debug|x64 = Debug|x64
		Debug|x86 = Debug|x86
		Release|Any CPU = Release|Any CPU
		Release|x64 = Release|x64
		Release|x86 = Release|x86
	EndGlobalSection
	GlobalSection(ProjectConfigurationPlatforms) = postSolution
		{F817047F-018D-4F93-BDA5-58602073B634}.Debug|Any CPU.ActiveCfg = Debug|Any CPU
		{F817047F-018D-4F93-BDA5-58602073B634}.Debug|Any CPU.Build.0 = Debug|Any CPU
		{F817047F-018D-4F93-BDA5-58602073B634}.Debug|x64.ActiveCfg = Debug|Any CPU
		{F817047F-018D-4F93-BDA5-58602073B634}.Debug|x64.Build.0 = Debug|Any CPU
		{F817047F-018D-4F93-BDA5-58602073B634}.Debug|x86.ActiveCfg = Debug|Any CPU
		{F817047F-018D-4F93-BDA5-58602073B634}.Debug|x86.Build.0 = Debug|Any CPU
		{F817047F-018D-4F93-BDA5-58602073B634}.Release|Any CPU.ActiveCfg = Release|Any CPU
		{F817047F-018D-4F93-BDA5-58602073B634}.Release|Any CPU.Build.0 = Release|Any CPU
		{F817047F-018D-4F93-BDA5-58602073B634}.Release|x64.ActiveCfg = Release|Any CPU
		{F817047F-018D-4F93-BDA5-58602073B634}.Release|x64.Build.0 = Release|Any CPU
		{F817047F-018D-4F93-BDA5-58602073B634}.Release|x86.ActiveCfg = Release|Any CPU
		{F817047F-018D-4F93-BDA5-58602073B634}.Release|x86.Build.0 = Release|Any CPU
		{56681751-99C2-48F9-9981-4D253BC1F24F}.Debug|Any CPU.ActiveCfg = Debug|Any CPU
		{56681751-99C2-48F9-9981-4D253BC1F24F}.Debug|Any CPU.Build.0 = Debug|Any CPU
		{56681751-99C2-48F9-9981-4D253BC1F24F}.Debug|x64.ActiveCfg = Debug|Any CPU
		{56681751-99C2-48F9-9981-4D253BC1F24F}.Debug|x64.Build.0 = Debug|Any CPU
		{56681751-99C2-48F9-9981-4D253BC1F24F}.Debug|x86.ActiveCfg = Debug|Any CPU
		{56681751-99C2-48F9-9981-4D253BC1F24F}.Debug|x86.Build.0 = Debug|Any CPU
		{56681751-99C2-48F9-9981-4D253BC1F24F}.Release|Any CPU.ActiveCfg = Release|Any CPU
		{56681751-99C2-48F9-9981-4D253BC1F24F}.Release|Any CPU.Build.0 = Release|Any CPU
		{56681751-99C2-48F9-9981-4D253BC1F24F}.Release|x64.ActiveCfg = Release|Any CPU
		{56681751-99C2-48F9-9981-4D253BC1F24F}.Release|x64.Build.0 = Release|Any CPU
		{56681751-99C2-48F9-9981-4D253BC1F24F}.Release|x86.ActiveCfg = Release|Any CPU
		{56681751-99C2-48F9-9981-4D253BC1F24F}.Release|x86.Build.0 = Release|Any CPU
		{D9FF86EA-14DB-484E-A068-4CFA8269935E}.Debug|Any CPU.ActiveCfg = Debug|Any CPU
		{D9FF86EA-14DB-484E-A068-4CFA8269935E}.Debug|Any CPU.Build.0 = Debug|Any CPU
		{D9FF86EA-14DB-484E-A068-4CFA8269935E}.Debug|x64.ActiveCfg = Debug|Any CPU
		{D9FF86EA-14DB-484E-A068-4CFA8269935E}.Debug|x64.Build.0 = Debug|Any CPU
		{D9FF86EA-14DB-484E-A068-4CFA8269935E}.Debug|x86.ActiveCfg = Debug|Any CPU
		{D9FF86EA-14DB-484E-A068-4CFA8269935E}.Debug|x86.Build.0 = Debug|Any CPU
		{D9FF86EA-14DB-484E-A068-4CFA8269935E}.Release|Any CPU.ActiveCfg = Release|Any CPU
		{D9FF86EA-14DB-484E-A068-4CFA8269935E}.Release|Any CPU.Build.0 = Release|Any CPU
		{D9FF86EA-14DB-484E-A068-4CFA8269935E}.Release|x64.ActiveCfg = Release|Any CPU
		{D9FF86EA-14DB-484E-A068-4CFA8269935E}.Release|x64.Build.0 = Release|Any CPU
		{D9FF86EA-14DB-484E-A068-4CFA8269935E}.Release|x86.ActiveCfg = Release|Any CPU
		{D9FF86EA-14DB-484E-A068-4CFA8269935E}.Release|x86.Build.0 = Release|Any CPU
		{79E91CEC-5BD9-4A62-BA62-1BD478F975FA}.Debug|Any CPU.ActiveCfg = Debug|Any CPU
		{79E91CEC-5BD9-4A62-BA62-1BD478F975FA}.Debug|Any CPU.Build.0 = Debug|Any CPU
		{79E91CEC-5BD9-4A62-BA62-1BD478F975FA}.Debug|x64.ActiveCfg = Debug|Any CPU
		{79E91CEC-5BD9-4A62-BA62-1BD478F975FA}.Debug|x64.Build.0 = Debug|Any CPU
		{79E91CEC-5BD9-4A62-BA62-1BD478F975FA}.Debug|x86.ActiveCfg = Debug|Any CPU
		{79E91CEC-5BD9-4A62-BA62-1BD478F975FA}.Debug|x86.Build.0 = Debug|Any CPU
		{79E91CEC-5BD9-4A62-BA62-1BD478F975FA}.Release|Any CPU.ActiveCfg = Release|Any CPU
		{79E91CEC-5BD9-4A62-BA62-1BD478F975FA}.Release|Any CPU.Build.0 = Release|Any CPU
		{79E91CEC-5BD9-4A62-BA62-1BD478F975FA}.Release|x64.ActiveCfg = Release|Any CPU
		{79E91CEC-5BD9-4A62-BA62-1BD478F975FA}.Release|x64.Build.0 = Release|Any CPU
		{79E91CEC-5BD9-4A62-BA62-1BD478F975FA}.Release|x86.ActiveCfg = Release|Any CPU
		{79E91CEC-5BD9-4A62-BA62-1BD478F975FA}.Release|x86.Build.0 = Release|Any CPU
		{A416171D-CEB7-48FF-A78F-B269794ED55C}.Debug|Any CPU.ActiveCfg = Debug|Any CPU
		{A416171D-CEB7-48FF-A78F-B269794ED55C}.Debug|Any CPU.Build.0 = Debug|Any CPU
		{A416171D-CEB7-48FF-A78F-B269794ED55C}.Debug|x64.ActiveCfg = Debug|Any CPU
		{A416171D-CEB7-48FF-A78F-B269794ED55C}.Debug|x64.Build.0 = Debug|Any CPU
		{A416171D-CEB7-48FF-A78F-B269794ED55C}.Debug|x86.ActiveCfg = Debug|Any CPU
		{A416171D-CEB7-48FF-A78F-B269794ED55C}.Debug|x86.Build.0 = Debug|Any CPU
		{A416171D-CEB7-48FF-A78F-B269794ED55C}.Release|Any CPU.ActiveCfg = Release|Any CPU
		{A416171D-CEB7-48FF-A78F-B269794ED55C}.Release|Any CPU.Build.0 = Release|Any CPU
		{A416171D-CEB7-48FF-A78F-B269794ED55C}.Release|x64.ActiveCfg = Release|Any CPU
		{A416171D-CEB7-48FF-A78F-B269794ED55C}.Release|x64.Build.0 = Release|Any CPU
		{A416171D-CEB7-48FF-A78F-B269794ED55C}.Release|x86.ActiveCfg = Release|Any CPU
		{A416171D-CEB7-48FF-A78F-B269794ED55C}.Release|x86.Build.0 = Release|Any CPU
		{A51DEBC2-E61B-449E-8DDE-4A5FDC231265}.Debug|Any CPU.ActiveCfg = Debug|Any CPU
		{A51DEBC2-E61B-449E-8DDE-4A5FDC231265}.Debug|Any CPU.Build.0 = Debug|Any CPU
		{A51DEBC2-E61B-449E-8DDE-4A5FDC231265}.Debug|x64.ActiveCfg = Debug|Any CPU
		{A51DEBC2-E61B-449E-8DDE-4A5FDC231265}.Debug|x64.Build.0 = Debug|Any CPU
		{A51DEBC2-E61B-449E-8DDE-4A5FDC231265}.Debug|x86.ActiveCfg = Debug|Any CPU
		{A51DEBC2-E61B-449E-8DDE-4A5FDC231265}.Debug|x86.Build.0 = Debug|Any CPU
		{A51DEBC2-E61B-449E-8DDE-4A5FDC231265}.Release|Any CPU.ActiveCfg = Release|Any CPU
		{A51DEBC2-E61B-449E-8DDE-4A5FDC231265}.Release|Any CPU.Build.0 = Release|Any CPU
		{A51DEBC2-E61B-449E-8DDE-4A5FDC231265}.Release|x64.ActiveCfg = Release|Any CPU
		{A51DEBC2-E61B-449E-8DDE-4A5FDC231265}.Release|x64.Build.0 = Release|Any CPU
		{A51DEBC2-E61B-449E-8DDE-4A5FDC231265}.Release|x86.ActiveCfg = Release|Any CPU
		{A51DEBC2-E61B-449E-8DDE-4A5FDC231265}.Release|x86.Build.0 = Release|Any CPU
		{90ECD695-A894-4932-BCE8-6A618EF75FD6}.Debug|Any CPU.ActiveCfg = Debug|Any CPU
		{90ECD695-A894-4932-BCE8-6A618EF75FD6}.Debug|Any CPU.Build.0 = Debug|Any CPU
		{90ECD695-A894-4932-BCE8-6A618EF75FD6}.Debug|x64.ActiveCfg = Debug|Any CPU
		{90ECD695-A894-4932-BCE8-6A618EF75FD6}.Debug|x64.Build.0 = Debug|Any CPU
		{90ECD695-A894-4932-BCE8-6A618EF75FD6}.Debug|x86.ActiveCfg = Debug|Any CPU
		{90ECD695-A894-4932-BCE8-6A618EF75FD6}.Debug|x86.Build.0 = Debug|Any CPU
		{90ECD695-A894-4932-BCE8-6A618EF75FD6}.Release|Any CPU.ActiveCfg = Release|Any CPU
		{90ECD695-A894-4932-BCE8-6A618EF75FD6}.Release|Any CPU.Build.0 = Release|Any CPU
		{90ECD695-A894-4932-BCE8-6A618EF75FD6}.Release|x64.ActiveCfg = Release|Any CPU
		{90ECD695-A894-4932-BCE8-6A618EF75FD6}.Release|x64.Build.0 = Release|Any CPU
		{90ECD695-A894-4932-BCE8-6A618EF75FD6}.Release|x86.ActiveCfg = Release|Any CPU
		{90ECD695-A894-4932-BCE8-6A618EF75FD6}.Release|x86.Build.0 = Release|Any CPU
		{057AC790-F90D-47A9-923B-EF492562D864}.Debug|Any CPU.ActiveCfg = Debug|Any CPU
		{057AC790-F90D-47A9-923B-EF492562D864}.Debug|Any CPU.Build.0 = Debug|Any CPU
		{057AC790-F90D-47A9-923B-EF492562D864}.Debug|x64.ActiveCfg = Debug|Any CPU
		{057AC790-F90D-47A9-923B-EF492562D864}.Debug|x64.Build.0 = Debug|Any CPU
		{057AC790-F90D-47A9-923B-EF492562D864}.Debug|x86.ActiveCfg = Debug|Any CPU
		{057AC790-F90D-47A9-923B-EF492562D864}.Debug|x86.Build.0 = Debug|Any CPU
		{057AC790-F90D-47A9-923B-EF492562D864}.Release|Any CPU.ActiveCfg = Release|Any CPU
		{057AC790-F90D-47A9-923B-EF492562D864}.Release|Any CPU.Build.0 = Release|Any CPU
		{057AC790-F90D-47A9-923B-EF492562D864}.Release|x64.ActiveCfg = Release|Any CPU
		{057AC790-F90D-47A9-923B-EF492562D864}.Release|x64.Build.0 = Release|Any CPU
		{057AC790-F90D-47A9-923B-EF492562D864}.Release|x86.ActiveCfg = Release|Any CPU
		{057AC790-F90D-47A9-923B-EF492562D864}.Release|x86.Build.0 = Release|Any CPU
		{38E7CC0B-89D5-4A95-A029-79C941EAC21D}.Debug|Any CPU.ActiveCfg = Debug|Any CPU
		{38E7CC0B-89D5-4A95-A029-79C941EAC21D}.Debug|Any CPU.Build.0 = Debug|Any CPU
		{38E7CC0B-89D5-4A95-A029-79C941EAC21D}.Debug|x64.ActiveCfg = Debug|Any CPU
		{38E7CC0B-89D5-4A95-A029-79C941EAC21D}.Debug|x64.Build.0 = Debug|Any CPU
		{38E7CC0B-89D5-4A95-A029-79C941EAC21D}.Debug|x86.ActiveCfg = Debug|Any CPU
		{38E7CC0B-89D5-4A95-A029-79C941EAC21D}.Debug|x86.Build.0 = Debug|Any CPU
		{38E7CC0B-89D5-4A95-A029-79C941EAC21D}.Release|Any CPU.ActiveCfg = Release|Any CPU
		{38E7CC0B-89D5-4A95-A029-79C941EAC21D}.Release|Any CPU.Build.0 = Release|Any CPU
		{38E7CC0B-89D5-4A95-A029-79C941EAC21D}.Release|x64.ActiveCfg = Release|Any CPU
		{38E7CC0B-89D5-4A95-A029-79C941EAC21D}.Release|x64.Build.0 = Release|Any CPU
		{38E7CC0B-89D5-4A95-A029-79C941EAC21D}.Release|x86.ActiveCfg = Release|Any CPU
		{38E7CC0B-89D5-4A95-A029-79C941EAC21D}.Release|x86.Build.0 = Release|Any CPU
	EndGlobalSection
	GlobalSection(SolutionProperties) = preSolution
		HideSolutionNode = FALSE
	EndGlobalSection
	GlobalSection(ExtensibilityGlobals) = postSolution
		SolutionGuid = {549F6BA2-7BF0-4104-9088-47D242078F31}
	EndGlobalSection
	GlobalSection(NestedProjects) = preSolution
		{56681751-99C2-48F9-9981-4D253BC1F24F} = {B98800ED-BDA2-43C9-B5EA-82AD4F68B6C1}
		{D9FF86EA-14DB-484E-A068-4CFA8269935E} = {B98800ED-BDA2-43C9-B5EA-82AD4F68B6C1}
		{79E91CEC-5BD9-4A62-BA62-1BD478F975FA} = {B98800ED-BDA2-43C9-B5EA-82AD4F68B6C1}
		{A416171D-CEB7-48FF-A78F-B269794ED55C} = {B98800ED-BDA2-43C9-B5EA-82AD4F68B6C1}
		{A51DEBC2-E61B-449E-8DDE-4A5FDC231265} = {B98800ED-BDA2-43C9-B5EA-82AD4F68B6C1}
		{90ECD695-A894-4932-BCE8-6A618EF75FD6} = {B98800ED-BDA2-43C9-B5EA-82AD4F68B6C1}
		{057AC790-F90D-47A9-923B-EF492562D864} = {B98800ED-BDA2-43C9-B5EA-82AD4F68B6C1}
		{38E7CC0B-89D5-4A95-A029-79C941EAC21D} = {B98800ED-BDA2-43C9-B5EA-82AD4F68B6C1}
	EndGlobalSection
EndGlobal
