
Microsoft Visual Studio Solution File, Format Version 12.00
# Visual Studio Version 16
VisualStudioVersion = 16.0.29920.165
MinimumVisualStudioVersion = 10.0.40219.1
Project("{9A19103F-16F7-4668-BE54-9A1E7A4F7556}") = "MyHealth.Extensions.Cryptography", "src\MyHealth.Extensions.Cryptography\MyHealth.Extensions.Cryptography.csproj", "{465B67FF-74D8-4D07-98F0-6E4308CDA9FE}"
EndProject
Project("{2150E333-8FDC-42A3-9474-1A3956D46DE8}") = "src", "src", "{070D4A9C-AE66-4F8C-908D-28233A54C0F5}"
EndProject
Project("{9A19103F-16F7-4668-BE54-9A1E7A4F7556}") = "MyHealth.Extensions.AspNetCore.Swagger", "src\MyHealth.Extensions.AspNetCore.Swagger\MyHealth.Extensions.AspNetCore.Swagger.csproj", "{E09E7E72-87B4-4987-9F33-D6B9F0565297}"
EndProject
Project("{9A19103F-16F7-4668-BE54-9A1E7A4F7556}") = "MyHealth.Extensions.AspNetCore.Versioning", "src\MyHealth.Extensions.AspNetCore.Versioning\MyHealth.Extensions.AspNetCore.Versioning.csproj", "{97AA22B5-C952-4566-8861-B0BDDADE8B46}"
EndProject
Project("{9A19103F-16F7-4668-BE54-9A1E7A4F7556}") = "MyHealth.Extensions.Azure.Storage.Table", "src\MyHealth.Extensions.Azure.Storage.Table\MyHealth.Extensions.Azure.Storage.Table.csproj", "{A3220DAA-058D-480E-AF53-5D60D3869D71}"
EndProject
Project("{9A19103F-16F7-4668-BE54-9A1E7A4F7556}") = "MyHealth.Extensions.Events", "src\MyHealth.Extensions.Events\MyHealth.Extensions.Events.csproj", "{7B0B5DFE-69E0-4C4D-8AD1-C0E09BD4F002}"
EndProject
Project("{9A19103F-16F7-4668-BE54-9A1E7A4F7556}") = "MyHealth.Extensions.Events.Azure.EventGrid", "src\MyHealth.Extensions.Events.Azure.EventGrid\MyHealth.Extensions.Events.Azure.EventGrid.csproj", "{5C707D47-478A-4CB5-A63C-AE522607BC0A}"
EndProject
Project("{9A19103F-16F7-4668-BE54-9A1E7A4F7556}") = "MyHealth.Extensions.Events.Logging", "src\MyHealth.Extensions.Events.Logging\MyHealth.Extensions.Events.Logging.csproj", "{6BB79B96-659C-4ED2-9F43-DAFAF99508EE}"
EndProject
Project("{9A19103F-16F7-4668-BE54-9A1E7A4F7556}") = "MyHealth.Extensions.Logging", "src\MyHealth.Extensions.Logging\MyHealth.Extensions.Logging.csproj", "{3EE94491-457E-4F55-98EC-AC1540486378}"
EndProject
Project("{9A19103F-16F7-4668-BE54-9A1E7A4F7556}") = "MyHealth.Extensions.Events.ApplicationInsights", "src\MyHealth.Extensions.Events.ApplicationInsights\MyHealth.Extensions.Events.ApplicationInsights.csproj", "{3172D2AC-EB6E-4FFA-B32E-6BFE04A1837E}"
EndProject
Project("{9A19103F-16F7-4668-BE54-9A1E7A4F7556}") = "MyHealth.Extensions.DependencyInjection", "src\MyHealth.Extensions.DependencyInjection\MyHealth.Extensions.DependencyInjection.csproj", "{1C99F852-85A0-4AE2-86AB-70DA1B5EB57E}"
EndProject
Project("{9A19103F-16F7-4668-BE54-9A1E7A4F7556}") = "MyHealth.Extensions.AspNetCore.Context", "src\MyHealth.Extensions.AspNetCore.Context\MyHealth.Extensions.AspNetCore.Context.csproj", "{E720F1BF-B966-4EAB-94EE-449C1CA32D76}"
EndProject
Project("{FAE04EC0-301F-11D3-BF4B-00C04F79EFBC}") = "MyHealth.Extensions.Caching.Distributed", "src\MyHealth.Extensions.Caching.Distributed\MyHealth.Extensions.Caching.Distributed.csproj", "{457854C2-1B7B-4D0F-A99E-B2D6CB47440B}"
EndProject
Global
	GlobalSection(SolutionConfigurationPlatforms) = preSolution
		Debug|Any CPU = Debug|Any CPU
		Release|Any CPU = Release|Any CPU
	EndGlobalSection
	GlobalSection(ProjectConfigurationPlatforms) = postSolution
		{465B67FF-74D8-4D07-98F0-6E4308CDA9FE}.Debug|Any CPU.ActiveCfg = Debug|Any CPU
		{465B67FF-74D8-4D07-98F0-6E4308CDA9FE}.Debug|Any CPU.Build.0 = Debug|Any CPU
		{465B67FF-74D8-4D07-98F0-6E4308CDA9FE}.Release|Any CPU.ActiveCfg = Release|Any CPU
		{465B67FF-74D8-4D07-98F0-6E4308CDA9FE}.Release|Any CPU.Build.0 = Release|Any CPU
		{E09E7E72-87B4-4987-9F33-D6B9F0565297}.Debug|Any CPU.ActiveCfg = Debug|Any CPU
		{E09E7E72-87B4-4987-9F33-D6B9F0565297}.Debug|Any CPU.Build.0 = Debug|Any CPU
		{E09E7E72-87B4-4987-9F33-D6B9F0565297}.Release|Any CPU.ActiveCfg = Release|Any CPU
		{E09E7E72-87B4-4987-9F33-D6B9F0565297}.Release|Any CPU.Build.0 = Release|Any CPU
		{97AA22B5-C952-4566-8861-B0BDDADE8B46}.Debug|Any CPU.ActiveCfg = Debug|Any CPU
		{97AA22B5-C952-4566-8861-B0BDDADE8B46}.Debug|Any CPU.Build.0 = Debug|Any CPU
		{97AA22B5-C952-4566-8861-B0BDDADE8B46}.Release|Any CPU.ActiveCfg = Release|Any CPU
		{97AA22B5-C952-4566-8861-B0BDDADE8B46}.Release|Any CPU.Build.0 = Release|Any CPU
		{A3220DAA-058D-480E-AF53-5D60D3869D71}.Debug|Any CPU.ActiveCfg = Debug|Any CPU
		{A3220DAA-058D-480E-AF53-5D60D3869D71}.Debug|Any CPU.Build.0 = Debug|Any CPU
		{A3220DAA-058D-480E-AF53-5D60D3869D71}.Release|Any CPU.ActiveCfg = Release|Any CPU
		{A3220DAA-058D-480E-AF53-5D60D3869D71}.Release|Any CPU.Build.0 = Release|Any CPU
		{7B0B5DFE-69E0-4C4D-8AD1-C0E09BD4F002}.Debug|Any CPU.ActiveCfg = Debug|Any CPU
		{7B0B5DFE-69E0-4C4D-8AD1-C0E09BD4F002}.Debug|Any CPU.Build.0 = Debug|Any CPU
		{7B0B5DFE-69E0-4C4D-8AD1-C0E09BD4F002}.Release|Any CPU.ActiveCfg = Release|Any CPU
		{7B0B5DFE-69E0-4C4D-8AD1-C0E09BD4F002}.Release|Any CPU.Build.0 = Release|Any CPU
		{5C707D47-478A-4CB5-A63C-AE522607BC0A}.Debug|Any CPU.ActiveCfg = Debug|Any CPU
		{5C707D47-478A-4CB5-A63C-AE522607BC0A}.Debug|Any CPU.Build.0 = Debug|Any CPU
		{5C707D47-478A-4CB5-A63C-AE522607BC0A}.Release|Any CPU.ActiveCfg = Release|Any CPU
		{5C707D47-478A-4CB5-A63C-AE522607BC0A}.Release|Any CPU.Build.0 = Release|Any CPU
		{6BB79B96-659C-4ED2-9F43-DAFAF99508EE}.Debug|Any CPU.ActiveCfg = Debug|Any CPU
		{6BB79B96-659C-4ED2-9F43-DAFAF99508EE}.Debug|Any CPU.Build.0 = Debug|Any CPU
		{6BB79B96-659C-4ED2-9F43-DAFAF99508EE}.Release|Any CPU.ActiveCfg = Release|Any CPU
		{6BB79B96-659C-4ED2-9F43-DAFAF99508EE}.Release|Any CPU.Build.0 = Release|Any CPU
		{3EE94491-457E-4F55-98EC-AC1540486378}.Debug|Any CPU.ActiveCfg = Debug|Any CPU
		{3EE94491-457E-4F55-98EC-AC1540486378}.Debug|Any CPU.Build.0 = Debug|Any CPU
		{3EE94491-457E-4F55-98EC-AC1540486378}.Release|Any CPU.ActiveCfg = Release|Any CPU
		{3EE94491-457E-4F55-98EC-AC1540486378}.Release|Any CPU.Build.0 = Release|Any CPU
		{3172D2AC-EB6E-4FFA-B32E-6BFE04A1837E}.Debug|Any CPU.ActiveCfg = Debug|Any CPU
		{3172D2AC-EB6E-4FFA-B32E-6BFE04A1837E}.Debug|Any CPU.Build.0 = Debug|Any CPU
		{3172D2AC-EB6E-4FFA-B32E-6BFE04A1837E}.Release|Any CPU.ActiveCfg = Release|Any CPU
		{3172D2AC-EB6E-4FFA-B32E-6BFE04A1837E}.Release|Any CPU.Build.0 = Release|Any CPU
		{1C99F852-85A0-4AE2-86AB-70DA1B5EB57E}.Debug|Any CPU.ActiveCfg = Debug|Any CPU
		{1C99F852-85A0-4AE2-86AB-70DA1B5EB57E}.Debug|Any CPU.Build.0 = Debug|Any CPU
		{1C99F852-85A0-4AE2-86AB-70DA1B5EB57E}.Release|Any CPU.ActiveCfg = Release|Any CPU
		{1C99F852-85A0-4AE2-86AB-70DA1B5EB57E}.Release|Any CPU.Build.0 = Release|Any CPU
		{E720F1BF-B966-4EAB-94EE-449C1CA32D76}.Debug|Any CPU.ActiveCfg = Debug|Any CPU
		{E720F1BF-B966-4EAB-94EE-449C1CA32D76}.Debug|Any CPU.Build.0 = Debug|Any CPU
		{E720F1BF-B966-4EAB-94EE-449C1CA32D76}.Release|Any CPU.ActiveCfg = Release|Any CPU
		{E720F1BF-B966-4EAB-94EE-449C1CA32D76}.Release|Any CPU.Build.0 = Release|Any CPU
		{457854C2-1B7B-4D0F-A99E-B2D6CB47440B}.Debug|Any CPU.ActiveCfg = Debug|Any CPU
		{457854C2-1B7B-4D0F-A99E-B2D6CB47440B}.Debug|Any CPU.Build.0 = Debug|Any CPU
		{457854C2-1B7B-4D0F-A99E-B2D6CB47440B}.Release|Any CPU.ActiveCfg = Release|Any CPU
		{457854C2-1B7B-4D0F-A99E-B2D6CB47440B}.Release|Any CPU.Build.0 = Release|Any CPU
	EndGlobalSection
	GlobalSection(SolutionProperties) = preSolution
		HideSolutionNode = FALSE
	EndGlobalSection
	GlobalSection(NestedProjects) = preSolution
		{465B67FF-74D8-4D07-98F0-6E4308CDA9FE} = {070D4A9C-AE66-4F8C-908D-28233A54C0F5}
		{E09E7E72-87B4-4987-9F33-D6B9F0565297} = {070D4A9C-AE66-4F8C-908D-28233A54C0F5}
		{97AA22B5-C952-4566-8861-B0BDDADE8B46} = {070D4A9C-AE66-4F8C-908D-28233A54C0F5}
		{A3220DAA-058D-480E-AF53-5D60D3869D71} = {070D4A9C-AE66-4F8C-908D-28233A54C0F5}
		{7B0B5DFE-69E0-4C4D-8AD1-C0E09BD4F002} = {070D4A9C-AE66-4F8C-908D-28233A54C0F5}
		{5C707D47-478A-4CB5-A63C-AE522607BC0A} = {070D4A9C-AE66-4F8C-908D-28233A54C0F5}
		{6BB79B96-659C-4ED2-9F43-DAFAF99508EE} = {070D4A9C-AE66-4F8C-908D-28233A54C0F5}
		{3EE94491-457E-4F55-98EC-AC1540486378} = {070D4A9C-AE66-4F8C-908D-28233A54C0F5}
		{3172D2AC-EB6E-4FFA-B32E-6BFE04A1837E} = {070D4A9C-AE66-4F8C-908D-28233A54C0F5}
		{1C99F852-85A0-4AE2-86AB-70DA1B5EB57E} = {070D4A9C-AE66-4F8C-908D-28233A54C0F5}
		{E720F1BF-B966-4EAB-94EE-449C1CA32D76} = {070D4A9C-AE66-4F8C-908D-28233A54C0F5}
		{457854C2-1B7B-4D0F-A99E-B2D6CB47440B} = {070D4A9C-AE66-4F8C-908D-28233A54C0F5}
	EndGlobalSection
	GlobalSection(ExtensibilityGlobals) = postSolution
		SolutionGuid = {C5F0C8B0-2B7D-4865-B54B-B5448F24582A}
	EndGlobalSection
EndGlobal
